
Microsoft Visual Studio Solution File, Format Version 12.00
# Visual Studio 15
VisualStudioVersion = 15.0.28307.421
MinimumVisualStudioVersion = 10.0.40219.1
Project("{FAE04EC0-301F-11D3-BF4B-00C04F79EFBC}") = "TestDistribute.Android", "TestDistribute\TestDistribute.Android\TestDistribute.Android.csproj", "{3EF82AD0-18B5-4DC6-A077-8FAB80720BA0}"
EndProject
Project("{FAE04EC0-301F-11D3-BF4B-00C04F79EFBC}") = "TestDistribute.iOS", "TestDistribute\TestDistribute.iOS\TestDistribute.iOS.csproj", "{19D32A38-D498-4659-8179-9038EA059396}"
EndProject
Project("{FAE04EC0-301F-11D3-BF4B-00C04F79EFBC}") = "TestDistribute", "TestDistribute\TestDistribute\TestDistribute.csproj", "{4604D64F-FE78-4277-BF58-852DD58266AE}"
EndProject
Global
	GlobalSection(SolutionConfigurationPlatforms) = preSolution
		Ad-Hoc|Any CPU = Ad-Hoc|Any CPU
		Ad-Hoc|iPhone = Ad-Hoc|iPhone
		Ad-Hoc|iPhoneSimulator = Ad-Hoc|iPhoneSimulator
		AppStore|Any CPU = AppStore|Any CPU
		AppStore|iPhone = AppStore|iPhone
		AppStore|iPhoneSimulator = AppStore|iPhoneSimulator
		Debug|Any CPU = Debug|Any CPU
		Debug|iPhone = Debug|iPhone
		Debug|iPhoneSimulator = Debug|iPhoneSimulator
		Release|Any CPU = Release|Any CPU
		Release|iPhone = Release|iPhone
		Release|iPhoneSimulator = Release|iPhoneSimulator
	EndGlobalSection
	GlobalSection(ProjectConfigurationPlatforms) = postSolution
		{3EF82AD0-18B5-4DC6-A077-8FAB80720BA0}.Ad-Hoc|Any CPU.ActiveCfg = Release|Any CPU
		{3EF82AD0-18B5-4DC6-A077-8FAB80720BA0}.Ad-Hoc|Any CPU.Build.0 = Release|Any CPU
		{3EF82AD0-18B5-4DC6-A077-8FAB80720BA0}.Ad-Hoc|Any CPU.Deploy.0 = Release|Any CPU
		{3EF82AD0-18B5-4DC6-A077-8FAB80720BA0}.Ad-Hoc|iPhone.ActiveCfg = Release|Any CPU
		{3EF82AD0-18B5-4DC6-A077-8FAB80720BA0}.Ad-Hoc|iPhone.Build.0 = Release|Any CPU
		{3EF82AD0-18B5-4DC6-A077-8FAB80720BA0}.Ad-Hoc|iPhone.Deploy.0 = Release|Any CPU
		{3EF82AD0-18B5-4DC6-A077-8FAB80720BA0}.Ad-Hoc|iPhoneSimulator.ActiveCfg = Release|Any CPU
		{3EF82AD0-18B5-4DC6-A077-8FAB80720BA0}.Ad-Hoc|iPhoneSimulator.Build.0 = Release|Any CPU
		{3EF82AD0-18B5-4DC6-A077-8FAB80720BA0}.Ad-Hoc|iPhoneSimulator.Deploy.0 = Release|Any CPU
		{3EF82AD0-18B5-4DC6-A077-8FAB80720BA0}.AppStore|Any CPU.ActiveCfg = Release|Any CPU
		{3EF82AD0-18B5-4DC6-A077-8FAB80720BA0}.AppStore|Any CPU.Build.0 = Release|Any CPU
		{3EF82AD0-18B5-4DC6-A077-8FAB80720BA0}.AppStore|Any CPU.Deploy.0 = Release|Any CPU
		{3EF82AD0-18B5-4DC6-A077-8FAB80720BA0}.AppStore|iPhone.ActiveCfg = Release|Any CPU
		{3EF82AD0-18B5-4DC6-A077-8FAB80720BA0}.AppStore|iPhone.Build.0 = Release|Any CPU
		{3EF82AD0-18B5-4DC6-A077-8FAB80720BA0}.AppStore|iPhone.Deploy.0 = Release|Any CPU
		{3EF82AD0-18B5-4DC6-A077-8FAB80720BA0}.AppStore|iPhoneSimulator.ActiveCfg = Release|Any CPU
		{3EF82AD0-18B5-4DC6-A077-8FAB80720BA0}.AppStore|iPhoneSimulator.Build.0 = Release|Any CPU
		{3EF82AD0-18B5-4DC6-A077-8FAB80720BA0}.AppStore|iPhoneSimulator.Deploy.0 = Release|Any CPU
		{3EF82AD0-18B5-4DC6-A077-8FAB80720BA0}.Debug|Any CPU.ActiveCfg = Debug|Any CPU
		{3EF82AD0-18B5-4DC6-A077-8FAB80720BA0}.Debug|Any CPU.Build.0 = Debug|Any CPU
		{3EF82AD0-18B5-4DC6-A077-8FAB80720BA0}.Debug|Any CPU.Deploy.0 = Debug|Any CPU
		{3EF82AD0-18B5-4DC6-A077-8FAB80720BA0}.Debug|iPhone.ActiveCfg = Debug|Any CPU
		{3EF82AD0-18B5-4DC6-A077-8FAB80720BA0}.Debug|iPhone.Build.0 = Debug|Any CPU
		{3EF82AD0-18B5-4DC6-A077-8FAB80720BA0}.Debug|iPhone.Deploy.0 = Debug|Any CPU
		{3EF82AD0-18B5-4DC6-A077-8FAB80720BA0}.Debug|iPhoneSimulator.ActiveCfg = Debug|Any CPU
		{3EF82AD0-18B5-4DC6-A077-8FAB80720BA0}.Debug|iPhoneSimulator.Build.0 = Debug|Any CPU
		{3EF82AD0-18B5-4DC6-A077-8FAB80720BA0}.Debug|iPhoneSimulator.Deploy.0 = Debug|Any CPU
		{3EF82AD0-18B5-4DC6-A077-8FAB80720BA0}.Release|Any CPU.ActiveCfg = Release|Any CPU
		{3EF82AD0-18B5-4DC6-A077-8FAB80720BA0}.Release|Any CPU.Build.0 = Release|Any CPU
		{3EF82AD0-18B5-4DC6-A077-8FAB80720BA0}.Release|Any CPU.Deploy.0 = Release|Any CPU
		{3EF82AD0-18B5-4DC6-A077-8FAB80720BA0}.Release|iPhone.ActiveCfg = Release|Any CPU
		{3EF82AD0-18B5-4DC6-A077-8FAB80720BA0}.Release|iPhone.Build.0 = Release|Any CPU
		{3EF82AD0-18B5-4DC6-A077-8FAB80720BA0}.Release|iPhone.Deploy.0 = Release|Any CPU
		{3EF82AD0-18B5-4DC6-A077-8FAB80720BA0}.Release|iPhoneSimulator.ActiveCfg = Release|Any CPU
		{3EF82AD0-18B5-4DC6-A077-8FAB80720BA0}.Release|iPhoneSimulator.Build.0 = Release|Any CPU
		{3EF82AD0-18B5-4DC6-A077-8FAB80720BA0}.Release|iPhoneSimulator.Deploy.0 = Release|Any CPU
		{19D32A38-D498-4659-8179-9038EA059396}.Ad-Hoc|Any CPU.ActiveCfg = Ad-Hoc|iPhone
		{19D32A38-D498-4659-8179-9038EA059396}.Ad-Hoc|Any CPU.Build.0 = Ad-Hoc|iPhone
		{19D32A38-D498-4659-8179-9038EA059396}.Ad-Hoc|Any CPU.Deploy.0 = Ad-Hoc|iPhone
		{19D32A38-D498-4659-8179-9038EA059396}.Ad-Hoc|iPhone.ActiveCfg = Ad-Hoc|iPhone
		{19D32A38-D498-4659-8179-9038EA059396}.Ad-Hoc|iPhone.Build.0 = Ad-Hoc|iPhone
		{19D32A38-D498-4659-8179-9038EA059396}.Ad-Hoc|iPhone.Deploy.0 = Ad-Hoc|iPhone
		{19D32A38-D498-4659-8179-9038EA059396}.Ad-Hoc|iPhoneSimulator.ActiveCfg = Ad-Hoc|iPhoneSimulator
		{19D32A38-D498-4659-8179-9038EA059396}.Ad-Hoc|iPhoneSimulator.Build.0 = Ad-Hoc|iPhoneSimulator
		{19D32A38-D498-4659-8179-9038EA059396}.Ad-Hoc|iPhoneSimulator.Deploy.0 = Ad-Hoc|iPhoneSimulator
		{19D32A38-D498-4659-8179-9038EA059396}.AppStore|Any CPU.ActiveCfg = AppStore|iPhone
		{19D32A38-D498-4659-8179-9038EA059396}.AppStore|Any CPU.Build.0 = AppStore|iPhone
		{19D32A38-D498-4659-8179-9038EA059396}.AppStore|Any CPU.Deploy.0 = AppStore|iPhone
		{19D32A38-D498-4659-8179-9038EA059396}.AppStore|iPhone.ActiveCfg = AppStore|iPhone
		{19D32A38-D498-4659-8179-9038EA059396}.AppStore|iPhone.Build.0 = AppStore|iPhone
		{19D32A38-D498-4659-8179-9038EA059396}.AppStore|iPhone.Deploy.0 = AppStore|iPhone
		{19D32A38-D498-4659-8179-9038EA059396}.AppStore|iPhoneSimulator.ActiveCfg = AppStore|iPhoneSimulator
		{19D32A38-D498-4659-8179-9038EA059396}.AppStore|iPhoneSimulator.Build.0 = AppStore|iPhoneSimulator
		{19D32A38-D498-4659-8179-9038EA059396}.AppStore|iPhoneSimulator.Deploy.0 = AppStore|iPhoneSimulator
		{19D32A38-D498-4659-8179-9038EA059396}.Debug|Any CPU.ActiveCfg = Debug|iPhoneSimulator
		{19D32A38-D498-4659-8179-9038EA059396}.Debug|Any CPU.Build.0 = Debug|iPhoneSimulator
		{19D32A38-D498-4659-8179-9038EA059396}.Debug|Any CPU.Deploy.0 = Debug|iPhoneSimulator
		{19D32A38-D498-4659-8179-9038EA059396}.Debug|iPhone.ActiveCfg = Debug|iPhone
		{19D32A38-D498-4659-8179-9038EA059396}.Debug|iPhone.Build.0 = Debug|iPhone
		{19D32A38-D498-4659-8179-9038EA059396}.Debug|iPhone.Deploy.0 = Debug|iPhone
		{19D32A38-D498-4659-8179-9038EA059396}.Debug|iPhoneSimulator.ActiveCfg = Debug|iPhoneSimulator
		{19D32A38-D498-4659-8179-9038EA059396}.Debug|iPhoneSimulator.Build.0 = Debug|iPhoneSimulator
		{19D32A38-D498-4659-8179-9038EA059396}.Debug|iPhoneSimulator.Deploy.0 = Debug|iPhoneSimulator
		{19D32A38-D498-4659-8179-9038EA059396}.Release|Any CPU.ActiveCfg = Release|iPhone
		{19D32A38-D498-4659-8179-9038EA059396}.Release|Any CPU.Build.0 = Release|iPhone
		{19D32A38-D498-4659-8179-9038EA059396}.Release|Any CPU.Deploy.0 = Release|iPhone
		{19D32A38-D498-4659-8179-9038EA059396}.Release|iPhone.ActiveCfg = Release|iPhone
		{19D32A38-D498-4659-8179-9038EA059396}.Release|iPhone.Build.0 = Release|iPhone
		{19D32A38-D498-4659-8179-9038EA059396}.Release|iPhone.Deploy.0 = Release|iPhone
		{19D32A38-D498-4659-8179-9038EA059396}.Release|iPhoneSimulator.ActiveCfg = Release|iPhoneSimulator
		{19D32A38-D498-4659-8179-9038EA059396}.Release|iPhoneSimulator.Build.0 = Release|iPhoneSimulator
		{19D32A38-D498-4659-8179-9038EA059396}.Release|iPhoneSimulator.Deploy.0 = Release|iPhoneSimulator
		{4604D64F-FE78-4277-BF58-852DD58266AE}.Ad-Hoc|Any CPU.ActiveCfg = Debug|Any CPU
		{4604D64F-FE78-4277-BF58-852DD58266AE}.Ad-Hoc|Any CPU.Build.0 = Debug|Any CPU
		{4604D64F-FE78-4277-BF58-852DD58266AE}.Ad-Hoc|Any CPU.Deploy.0 = Debug|Any CPU
		{4604D64F-FE78-4277-BF58-852DD58266AE}.Ad-Hoc|iPhone.ActiveCfg = Debug|Any CPU
		{4604D64F-FE78-4277-BF58-852DD58266AE}.Ad-Hoc|iPhone.Build.0 = Debug|Any CPU
		{4604D64F-FE78-4277-BF58-852DD58266AE}.Ad-Hoc|iPhone.Deploy.0 = Debug|Any CPU
		{4604D64F-FE78-4277-BF58-852DD58266AE}.Ad-Hoc|iPhoneSimulator.ActiveCfg = Debug|Any CPU
		{4604D64F-FE78-4277-BF58-852DD58266AE}.Ad-Hoc|iPhoneSimulator.Build.0 = Debug|Any CPU
		{4604D64F-FE78-4277-BF58-852DD58266AE}.Ad-Hoc|iPhoneSimulator.Deploy.0 = Debug|Any CPU
		{4604D64F-FE78-4277-BF58-852DD58266AE}.AppStore|Any CPU.ActiveCfg = Debug|Any CPU
		{4604D64F-FE78-4277-BF58-852DD58266AE}.AppStore|Any CPU.Build.0 = Debug|Any CPU
		{4604D64F-FE78-4277-BF58-852DD58266AE}.AppStore|Any CPU.Deploy.0 = Debug|Any CPU
		{4604D64F-FE78-4277-BF58-852DD58266AE}.AppStore|iPhone.ActiveCfg = Debug|Any CPU
		{4604D64F-FE78-4277-BF58-852DD58266AE}.AppStore|iPhone.Build.0 = Debug|Any CPU
		{4604D64F-FE78-4277-BF58-852DD58266AE}.AppStore|iPhone.Deploy.0 = Debug|Any CPU
		{4604D64F-FE78-4277-BF58-852DD58266AE}.AppStore|iPhoneSimulator.ActiveCfg = Debug|Any CPU
		{4604D64F-FE78-4277-BF58-852DD58266AE}.AppStore|iPhoneSimulator.Build.0 = Debug|Any CPU
		{4604D64F-FE78-4277-BF58-852DD58266AE}.AppStore|iPhoneSimulator.Deploy.0 = Debug|Any CPU
		{4604D64F-FE78-4277-BF58-852DD58266AE}.Debug|Any CPU.ActiveCfg = Debug|Any CPU
		{4604D64F-FE78-4277-BF58-852DD58266AE}.Debug|Any CPU.Build.0 = Debug|Any CPU
		{4604D64F-FE78-4277-BF58-852DD58266AE}.Debug|Any CPU.Deploy.0 = Debug|Any CPU
		{4604D64F-FE78-4277-BF58-852DD58266AE}.Debug|iPhone.ActiveCfg = Debug|Any CPU
		{4604D64F-FE78-4277-BF58-852DD58266AE}.Debug|iPhone.Build.0 = Debug|Any CPU
		{4604D64F-FE78-4277-BF58-852DD58266AE}.Debug|iPhone.Deploy.0 = Debug|Any CPU
		{4604D64F-FE78-4277-BF58-852DD58266AE}.Debug|iPhoneSimulator.ActiveCfg = Debug|Any CPU
		{4604D64F-FE78-4277-BF58-852DD58266AE}.Debug|iPhoneSimulator.Build.0 = Debug|Any CPU
		{4604D64F-FE78-4277-BF58-852DD58266AE}.Debug|iPhoneSimulator.Deploy.0 = Debug|Any CPU
		{4604D64F-FE78-4277-BF58-852DD58266AE}.Release|Any CPU.ActiveCfg = Release|Any CPU
		{4604D64F-FE78-4277-BF58-852DD58266AE}.Release|Any CPU.Build.0 = Release|Any CPU
		{4604D64F-FE78-4277-BF58-852DD58266AE}.Release|Any CPU.Deploy.0 = Release|Any CPU
		{4604D64F-FE78-4277-BF58-852DD58266AE}.Release|iPhone.ActiveCfg = Release|Any CPU
		{4604D64F-FE78-4277-BF58-852DD58266AE}.Release|iPhone.Build.0 = Release|Any CPU
		{4604D64F-FE78-4277-BF58-852DD58266AE}.Release|iPhone.Deploy.0 = Release|Any CPU
		{4604D64F-FE78-4277-BF58-852DD58266AE}.Release|iPhoneSimulator.ActiveCfg = Release|Any CPU
		{4604D64F-FE78-4277-BF58-852DD58266AE}.Release|iPhoneSimulator.Build.0 = Release|Any CPU
		{4604D64F-FE78-4277-BF58-852DD58266AE}.Release|iPhoneSimulator.Deploy.0 = Release|Any CPU
	EndGlobalSection
	GlobalSection(SolutionProperties) = preSolution
		HideSolutionNode = FALSE
	EndGlobalSection
	GlobalSection(ExtensibilityGlobals) = postSolution
		SolutionGuid = {CE62C6A5-B4F3-486F-B9C0-EEBEB5F4A0BF}
	EndGlobalSection
EndGlobal
